// !$*UTF8*$!
{
	archiveVersion = 1;
	classes = {
	};
	objectVersion = 46;
	objects = {

/* Begin PBXBuildFile section */
		EC8902621AD8B58E00B2127E /* AppDelegate.swift in Sources */ = {isa = PBXBuildFile; fileRef = EC8902611AD8B58E00B2127E /* AppDelegate.swift */; };
		EC8902671AD8B58E00B2127E /* Main.storyboard in Resources */ = {isa = PBXBuildFile; fileRef = EC8902651AD8B58E00B2127E /* Main.storyboard */; };
		EC8902691AD8B58E00B2127E /* Images.xcassets in Resources */ = {isa = PBXBuildFile; fileRef = EC8902681AD8B58E00B2127E /* Images.xcassets */; };
		EC89026C1AD8B58E00B2127E /* LaunchScreen.xib in Resources */ = {isa = PBXBuildFile; fileRef = EC89026A1AD8B58E00B2127E /* LaunchScreen.xib */; };
		EC8902781AD8B58E00B2127E /* Box_ScoreTests.swift in Sources */ = {isa = PBXBuildFile; fileRef = EC8902771AD8B58E00B2127E /* Box_ScoreTests.swift */; };
		EC89028C1AD8B6F500B2127E /* Images.xcassets in Resources */ = {isa = PBXBuildFile; fileRef = EC89028B1AD8B6F500B2127E /* Images.xcassets */; };
		EC8902901AD8B6F500B2127E /* Box Score WatchKit App.app in Resources */ = {isa = PBXBuildFile; fileRef = EC89028F1AD8B6F500B2127E /* Box Score WatchKit App.app */; };
		EC8902981AD8B6F500B2127E /* Interface.storyboard in Resources */ = {isa = PBXBuildFile; fileRef = EC8902961AD8B6F500B2127E /* Interface.storyboard */; };
		EC89029A1AD8B6F500B2127E /* Images.xcassets in Resources */ = {isa = PBXBuildFile; fileRef = EC8902991AD8B6F500B2127E /* Images.xcassets */; };
		EC89029D1AD8B6F500B2127E /* Box Score WatchKit Extension.appex in Embed App Extensions */ = {isa = PBXBuildFile; fileRef = EC8902851AD8B6F500B2127E /* Box Score WatchKit Extension.appex */; settings = {ATTRIBUTES = (RemoveHeadersOnCopy, ); }; };
		EC8902A61AD8B78A00B2127E /* GamesTVC.swift in Sources */ = {isa = PBXBuildFile; fileRef = EC8902A51AD8B78A00B2127E /* GamesTVC.swift */; };
		EC8902AA1AD8B7E700B2127E /* Game.swift in Sources */ = {isa = PBXBuildFile; fileRef = EC8902A91AD8B7E700B2127E /* Game.swift */; };
		EC8902AB1AD8B7E700B2127E /* Game.swift in Sources */ = {isa = PBXBuildFile; fileRef = EC8902A91AD8B7E700B2127E /* Game.swift */; };
		EC8902AD1AD94E7B00B2127E /* ScoringVC.swift in Sources */ = {isa = PBXBuildFile; fileRef = EC8902AC1AD94E7B00B2127E /* ScoringVC.swift */; };
		EC8902B21AD9762B00B2127E /* Games.swift in Sources */ = {isa = PBXBuildFile; fileRef = EC8902B11AD9762B00B2127E /* Games.swift */; };
		EC8902B31AD9762B00B2127E /* Games.swift in Sources */ = {isa = PBXBuildFile; fileRef = EC8902B11AD9762B00B2127E /* Games.swift */; };
		EC8902B71AD9E40C00B2127E /* GamesIC.swift in Sources */ = {isa = PBXBuildFile; fileRef = EC8902B61AD9E40C00B2127E /* GamesIC.swift */; };
		ECAC74341AD9EE98002DFBFE /* ScoringIC.swift in Sources */ = {isa = PBXBuildFile; fileRef = ECAC74331AD9EE98002DFBFE /* ScoringIC.swift */; };
/* End PBXBuildFile section */

/* Begin PBXContainerItemProxy section */
		EC8902721AD8B58E00B2127E /* PBXContainerItemProxy */ = {
			isa = PBXContainerItemProxy;
			containerPortal = EC8902541AD8B58E00B2127E /* Project object */;
			proxyType = 1;
			remoteGlobalIDString = EC89025B1AD8B58E00B2127E;
			remoteInfo = "Box Score";
		};
		EC8902911AD8B6F500B2127E /* PBXContainerItemProxy */ = {
			isa = PBXContainerItemProxy;
			containerPortal = EC8902541AD8B58E00B2127E /* Project object */;
			proxyType = 1;
			remoteGlobalIDString = EC89028E1AD8B6F500B2127E;
			remoteInfo = "Box Score WatchKit App";
		};
		EC89029B1AD8B6F500B2127E /* PBXContainerItemProxy */ = {
			isa = PBXContainerItemProxy;
			containerPortal = EC8902541AD8B58E00B2127E /* Project object */;
			proxyType = 1;
			remoteGlobalIDString = EC8902841AD8B6F500B2127E;
			remoteInfo = "Box Score WatchKit Extension";
		};
/* End PBXContainerItemProxy section */

/* Begin PBXCopyFilesBuildPhase section */
		EC8902A41AD8B6F500B2127E /* Embed App Extensions */ = {
			isa = PBXCopyFilesBuildPhase;
			buildActionMask = 2147483647;
			dstPath = "";
			dstSubfolderSpec = 13;
			files = (
				EC89029D1AD8B6F500B2127E /* Box Score WatchKit Extension.appex in Embed App Extensions */,
			);
			name = "Embed App Extensions";
			runOnlyForDeploymentPostprocessing = 0;
		};
/* End PBXCopyFilesBuildPhase section */

/* Begin PBXFileReference section */
		EC89025C1AD8B58E00B2127E /* Box Score.app */ = {isa = PBXFileReference; explicitFileType = wrapper.application; includeInIndex = 0; path = "Box Score.app"; sourceTree = BUILT_PRODUCTS_DIR; };
		EC8902601AD8B58E00B2127E /* Info.plist */ = {isa = PBXFileReference; lastKnownFileType = text.plist.xml; path = Info.plist; sourceTree = "<group>"; };
		EC8902611AD8B58E00B2127E /* AppDelegate.swift */ = {isa = PBXFileReference; lastKnownFileType = sourcecode.swift; path = AppDelegate.swift; sourceTree = "<group>"; };
		EC8902661AD8B58E00B2127E /* Base */ = {isa = PBXFileReference; lastKnownFileType = file.storyboard; name = Base; path = Base.lproj/Main.storyboard; sourceTree = "<group>"; };
		EC8902681AD8B58E00B2127E /* Images.xcassets */ = {isa = PBXFileReference; lastKnownFileType = folder.assetcatalog; path = Images.xcassets; sourceTree = "<group>"; };
		EC89026B1AD8B58E00B2127E /* Base */ = {isa = PBXFileReference; lastKnownFileType = file.xib; name = Base; path = Base.lproj/LaunchScreen.xib; sourceTree = "<group>"; };
		EC8902711AD8B58E00B2127E /* Box ScoreTests.xctest */ = {isa = PBXFileReference; explicitFileType = wrapper.cfbundle; includeInIndex = 0; path = "Box ScoreTests.xctest"; sourceTree = BUILT_PRODUCTS_DIR; };
		EC8902761AD8B58E00B2127E /* Info.plist */ = {isa = PBXFileReference; lastKnownFileType = text.plist.xml; path = Info.plist; sourceTree = "<group>"; };
		EC8902771AD8B58E00B2127E /* Box_ScoreTests.swift */ = {isa = PBXFileReference; lastKnownFileType = sourcecode.swift; path = Box_ScoreTests.swift; sourceTree = "<group>"; };
		EC8902851AD8B6F500B2127E /* Box Score WatchKit Extension.appex */ = {isa = PBXFileReference; explicitFileType = "wrapper.app-extension"; includeInIndex = 0; path = "Box Score WatchKit Extension.appex"; sourceTree = BUILT_PRODUCTS_DIR; };
		EC8902881AD8B6F500B2127E /* Info.plist */ = {isa = PBXFileReference; lastKnownFileType = text.plist.xml; path = Info.plist; sourceTree = "<group>"; };
		EC89028B1AD8B6F500B2127E /* Images.xcassets */ = {isa = PBXFileReference; lastKnownFileType = folder.assetcatalog; path = Images.xcassets; sourceTree = "<group>"; };
		EC89028F1AD8B6F500B2127E /* Box Score WatchKit App.app */ = {isa = PBXFileReference; explicitFileType = wrapper.application; includeInIndex = 0; path = "Box Score WatchKit App.app"; sourceTree = BUILT_PRODUCTS_DIR; };
		EC8902951AD8B6F500B2127E /* Info.plist */ = {isa = PBXFileReference; lastKnownFileType = text.plist.xml; path = Info.plist; sourceTree = "<group>"; };
		EC8902971AD8B6F500B2127E /* Base */ = {isa = PBXFileReference; lastKnownFileType = file.storyboard; name = Base; path = Base.lproj/Interface.storyboard; sourceTree = "<group>"; };
		EC8902991AD8B6F500B2127E /* Images.xcassets */ = {isa = PBXFileReference; lastKnownFileType = folder.assetcatalog; path = Images.xcassets; sourceTree = "<group>"; };
		EC8902A51AD8B78A00B2127E /* GamesTVC.swift */ = {isa = PBXFileReference; fileEncoding = 4; lastKnownFileType = sourcecode.swift; path = GamesTVC.swift; sourceTree = "<group>"; };
		EC8902A91AD8B7E700B2127E /* Game.swift */ = {isa = PBXFileReference; fileEncoding = 4; lastKnownFileType = sourcecode.swift; path = Game.swift; sourceTree = "<group>"; };
		EC8902AC1AD94E7B00B2127E /* ScoringVC.swift */ = {isa = PBXFileReference; fileEncoding = 4; lastKnownFileType = sourcecode.swift; path = ScoringVC.swift; sourceTree = "<group>"; };
		EC8902B11AD9762B00B2127E /* Games.swift */ = {isa = PBXFileReference; fileEncoding = 4; lastKnownFileType = sourcecode.swift; path = Games.swift; sourceTree = "<group>"; };
		EC8902B61AD9E40C00B2127E /* GamesIC.swift */ = {isa = PBXFileReference; fileEncoding = 4; lastKnownFileType = sourcecode.swift; path = GamesIC.swift; sourceTree = "<group>"; };
		ECAC74311AD9EB6B002DFBFE /* Box Score.entitlements */ = {isa = PBXFileReference; lastKnownFileType = text.xml; path = "Box Score.entitlements"; sourceTree = "<group>"; };
		ECAC74321AD9EB87002DFBFE /* Box Score WatchKit Extension.entitlements */ = {isa = PBXFileReference; lastKnownFileType = text.xml; path = "Box Score WatchKit Extension.entitlements"; sourceTree = "<group>"; };
		ECAC74331AD9EE98002DFBFE /* ScoringIC.swift */ = {isa = PBXFileReference; fileEncoding = 4; lastKnownFileType = sourcecode.swift; path = ScoringIC.swift; sourceTree = "<group>"; };
/* End PBXFileReference section */

/* Begin PBXFrameworksBuildPhase section */
		EC8902591AD8B58E00B2127E /* Frameworks */ = {
			isa = PBXFrameworksBuildPhase;
			buildActionMask = 2147483647;
			files = (
			);
			runOnlyForDeploymentPostprocessing = 0;
		};
		EC89026E1AD8B58E00B2127E /* Frameworks */ = {
			isa = PBXFrameworksBuildPhase;
			buildActionMask = 2147483647;
			files = (
			);
			runOnlyForDeploymentPostprocessing = 0;
		};
		EC8902821AD8B6F500B2127E /* Frameworks */ = {
			isa = PBXFrameworksBuildPhase;
			buildActionMask = 2147483647;
			files = (
			);
			runOnlyForDeploymentPostprocessing = 0;
		};
/* End PBXFrameworksBuildPhase section */

/* Begin PBXGroup section */
		EC8902531AD8B58E00B2127E = {
			isa = PBXGroup;
			children = (
				EC89025E1AD8B58E00B2127E /* Box Score */,
				EC8902741AD8B58E00B2127E /* Box ScoreTests */,
				EC8902861AD8B6F500B2127E /* Box Score WatchKit Extension */,
				EC8902931AD8B6F500B2127E /* Box Score WatchKit App */,
				EC89025D1AD8B58E00B2127E /* Products */,
			);
			sourceTree = "<group>";
		};
		EC89025D1AD8B58E00B2127E /* Products */ = {
			isa = PBXGroup;
			children = (
				EC89025C1AD8B58E00B2127E /* Box Score.app */,
				EC8902711AD8B58E00B2127E /* Box ScoreTests.xctest */,
				EC8902851AD8B6F500B2127E /* Box Score WatchKit Extension.appex */,
				EC89028F1AD8B6F500B2127E /* Box Score WatchKit App.app */,
			);
			name = Products;
			sourceTree = "<group>";
		};
		EC89025E1AD8B58E00B2127E /* Box Score */ = {
			isa = PBXGroup;
			children = (
				ECAC74311AD9EB6B002DFBFE /* Box Score.entitlements */,
				EC8902AF1AD9747B00B2127E /* Models */,
				EC8902611AD8B58E00B2127E /* AppDelegate.swift */,
				EC8902B01AD9748900B2127E /* Controllers */,
				EC8902651AD8B58E00B2127E /* Main.storyboard */,
				EC8902681AD8B58E00B2127E /* Images.xcassets */,
				EC89026A1AD8B58E00B2127E /* LaunchScreen.xib */,
				EC89025F1AD8B58E00B2127E /* Supporting Files */,
			);
			path = "Box Score";
			sourceTree = "<group>";
		};
		EC89025F1AD8B58E00B2127E /* Supporting Files */ = {
			isa = PBXGroup;
			children = (
				EC8902601AD8B58E00B2127E /* Info.plist */,
			);
			name = "Supporting Files";
			sourceTree = "<group>";
		};
		EC8902741AD8B58E00B2127E /* Box ScoreTests */ = {
			isa = PBXGroup;
			children = (
				EC8902771AD8B58E00B2127E /* Box_ScoreTests.swift */,
				EC8902751AD8B58E00B2127E /* Supporting Files */,
			);
			path = "Box ScoreTests";
			sourceTree = "<group>";
		};
		EC8902751AD8B58E00B2127E /* Supporting Files */ = {
			isa = PBXGroup;
			children = (
				EC8902761AD8B58E00B2127E /* Info.plist */,
			);
			name = "Supporting Files";
			sourceTree = "<group>";
		};
		EC8902861AD8B6F500B2127E /* Box Score WatchKit Extension */ = {
			isa = PBXGroup;
			children = (
				ECAC74321AD9EB87002DFBFE /* Box Score WatchKit Extension.entitlements */,
				EC8902B61AD9E40C00B2127E /* GamesIC.swift */,
				ECAC74331AD9EE98002DFBFE /* ScoringIC.swift */,
				EC89028B1AD8B6F500B2127E /* Images.xcassets */,
				EC8902871AD8B6F500B2127E /* Supporting Files */,
			);
			path = "Box Score WatchKit Extension";
			sourceTree = "<group>";
		};
		EC8902871AD8B6F500B2127E /* Supporting Files */ = {
			isa = PBXGroup;
			children = (
				EC8902881AD8B6F500B2127E /* Info.plist */,
			);
			name = "Supporting Files";
			sourceTree = "<group>";
		};
		EC8902931AD8B6F500B2127E /* Box Score WatchKit App */ = {
			isa = PBXGroup;
			children = (
				EC8902961AD8B6F500B2127E /* Interface.storyboard */,
				EC8902991AD8B6F500B2127E /* Images.xcassets */,
				EC8902941AD8B6F500B2127E /* Supporting Files */,
			);
			path = "Box Score WatchKit App";
			sourceTree = "<group>";
		};
		EC8902941AD8B6F500B2127E /* Supporting Files */ = {
			isa = PBXGroup;
			children = (
				EC8902951AD8B6F500B2127E /* Info.plist */,
			);
			name = "Supporting Files";
			sourceTree = "<group>";
		};
		EC8902AF1AD9747B00B2127E /* Models */ = {
			isa = PBXGroup;
			children = (
				EC8902B11AD9762B00B2127E /* Games.swift */,
				EC8902A91AD8B7E700B2127E /* Game.swift */,
			);
			name = Models;
			sourceTree = "<group>";
		};
		EC8902B01AD9748900B2127E /* Controllers */ = {
			isa = PBXGroup;
			children = (
				EC8902A51AD8B78A00B2127E /* GamesTVC.swift */,
				EC8902AC1AD94E7B00B2127E /* ScoringVC.swift */,
			);
			name = Controllers;
			sourceTree = "<group>";
		};
/* End PBXGroup section */

/* Begin PBXNativeTarget section */
		EC89025B1AD8B58E00B2127E /* Box Score */ = {
			isa = PBXNativeTarget;
			buildConfigurationList = EC89027B1AD8B58E00B2127E /* Build configuration list for PBXNativeTarget "Box Score" */;
			buildPhases = (
				EC8902581AD8B58E00B2127E /* Sources */,
				EC8902591AD8B58E00B2127E /* Frameworks */,
				EC89025A1AD8B58E00B2127E /* Resources */,
				EC8902A41AD8B6F500B2127E /* Embed App Extensions */,
				EC8902B41AD9939F00B2127E /* ShellScript */,
			);
			buildRules = (
			);
			dependencies = (
				EC89029C1AD8B6F500B2127E /* PBXTargetDependency */,
			);
			name = "Box Score";
			productName = "Box Score";
			productReference = EC89025C1AD8B58E00B2127E /* Box Score.app */;
			productType = "com.apple.product-type.application";
		};
		EC8902701AD8B58E00B2127E /* Box ScoreTests */ = {
			isa = PBXNativeTarget;
			buildConfigurationList = EC89027E1AD8B58E00B2127E /* Build configuration list for PBXNativeTarget "Box ScoreTests" */;
			buildPhases = (
				EC89026D1AD8B58E00B2127E /* Sources */,
				EC89026E1AD8B58E00B2127E /* Frameworks */,
				EC89026F1AD8B58E00B2127E /* Resources */,
			);
			buildRules = (
			);
			dependencies = (
				EC8902731AD8B58E00B2127E /* PBXTargetDependency */,
			);
			name = "Box ScoreTests";
			productName = "Box ScoreTests";
			productReference = EC8902711AD8B58E00B2127E /* Box ScoreTests.xctest */;
			productType = "com.apple.product-type.bundle.unit-test";
		};
		EC8902841AD8B6F500B2127E /* Box Score WatchKit Extension */ = {
			isa = PBXNativeTarget;
			buildConfigurationList = EC8902A11AD8B6F500B2127E /* Build configuration list for PBXNativeTarget "Box Score WatchKit Extension" */;
			buildPhases = (
				EC8902811AD8B6F500B2127E /* Sources */,
				EC8902821AD8B6F500B2127E /* Frameworks */,
				EC8902831AD8B6F500B2127E /* Resources */,
				EC8902B51AD993AB00B2127E /* ShellScript */,
			);
			buildRules = (
			);
			dependencies = (
				EC8902921AD8B6F500B2127E /* PBXTargetDependency */,
			);
			name = "Box Score WatchKit Extension";
			productName = "Box Score WatchKit Extension";
			productReference = EC8902851AD8B6F500B2127E /* Box Score WatchKit Extension.appex */;
			productType = "com.apple.product-type.watchkit-extension";
		};
		EC89028E1AD8B6F500B2127E /* Box Score WatchKit App */ = {
			isa = PBXNativeTarget;
			buildConfigurationList = EC89029E1AD8B6F500B2127E /* Build configuration list for PBXNativeTarget "Box Score WatchKit App" */;
			buildPhases = (
				EC89028D1AD8B6F500B2127E /* Resources */,
			);
			buildRules = (
			);
			dependencies = (
			);
			name = "Box Score WatchKit App";
			productName = "Box Score WatchKit App";
			productReference = EC89028F1AD8B6F500B2127E /* Box Score WatchKit App.app */;
			productType = "com.apple.product-type.application.watchapp";
		};
/* End PBXNativeTarget section */

/* Begin PBXProject section */
		EC8902541AD8B58E00B2127E /* Project object */ = {
			isa = PBXProject;
			attributes = {
				LastUpgradeCheck = 0630;
				ORGANIZATIONNAME = "Proximity Viz LLC";
				TargetAttributes = {
					EC89025B1AD8B58E00B2127E = {
						CreatedOnToolsVersion = 6.3;
						DevelopmentTeam = 34XFQ7WVN3;
						SystemCapabilities = {
							com.apple.ApplicationGroups.iOS = {
								enabled = 1;
							};
						};
					};
					EC8902701AD8B58E00B2127E = {
						CreatedOnToolsVersion = 6.3;
						TestTargetID = EC89025B1AD8B58E00B2127E;
					};
					EC8902841AD8B6F500B2127E = {
						CreatedOnToolsVersion = 6.3;
						DevelopmentTeam = 34XFQ7WVN3;
						SystemCapabilities = {
							com.apple.ApplicationGroups.iOS = {
								enabled = 1;
							};
						};
					};
					EC89028E1AD8B6F500B2127E = {
						CreatedOnToolsVersion = 6.3;
					};
				};
			};
			buildConfigurationList = EC8902571AD8B58E00B2127E /* Build configuration list for PBXProject "Box Score" */;
			compatibilityVersion = "Xcode 3.2";
			developmentRegion = English;
			hasScannedForEncodings = 0;
			knownRegions = (
				en,
				Base,
			);
			mainGroup = EC8902531AD8B58E00B2127E;
			productRefGroup = EC89025D1AD8B58E00B2127E /* Products */;
			projectDirPath = "";
			projectRoot = "";
			targets = (
				EC89025B1AD8B58E00B2127E /* Box Score */,
				EC8902701AD8B58E00B2127E /* Box ScoreTests */,
				EC8902841AD8B6F500B2127E /* Box Score WatchKit Extension */,
				EC89028E1AD8B6F500B2127E /* Box Score WatchKit App */,
			);
		};
/* End PBXProject section */

/* Begin PBXResourcesBuildPhase section */
		EC89025A1AD8B58E00B2127E /* Resources */ = {
			isa = PBXResourcesBuildPhase;
			buildActionMask = 2147483647;
			files = (
				EC8902671AD8B58E00B2127E /* Main.storyboard in Resources */,
				EC89026C1AD8B58E00B2127E /* LaunchScreen.xib in Resources */,
				EC8902691AD8B58E00B2127E /* Images.xcassets in Resources */,
			);
			runOnlyForDeploymentPostprocessing = 0;
		};
		EC89026F1AD8B58E00B2127E /* Resources */ = {
			isa = PBXResourcesBuildPhase;
			buildActionMask = 2147483647;
			files = (
			);
			runOnlyForDeploymentPostprocessing = 0;
		};
		EC8902831AD8B6F500B2127E /* Resources */ = {
			isa = PBXResourcesBuildPhase;
			buildActionMask = 2147483647;
			files = (
				EC8902901AD8B6F500B2127E /* Box Score WatchKit App.app in Resources */,
				EC89028C1AD8B6F500B2127E /* Images.xcassets in Resources */,
			);
			runOnlyForDeploymentPostprocessing = 0;
		};
		EC89028D1AD8B6F500B2127E /* Resources */ = {
			isa = PBXResourcesBuildPhase;
			buildActionMask = 2147483647;
			files = (
				EC8902981AD8B6F500B2127E /* Interface.storyboard in Resources */,
				EC89029A1AD8B6F500B2127E /* Images.xcassets in Resources */,
			);
			runOnlyForDeploymentPostprocessing = 0;
		};
/* End PBXResourcesBuildPhase section */

/* Begin PBXShellScriptBuildPhase section */
		EC8902B41AD9939F00B2127E /* ShellScript */ = {
			isa = PBXShellScriptBuildPhase;
			buildActionMask = 2147483647;
			files = (
			);
			inputPaths = (
			);
			outputPaths = (
			);
			runOnlyForDeploymentPostprocessing = 0;
			shellPath = /bin/sh;
			shellScript = "TAGS=\"TODO:|FIXME:\"\necho \"searching ${SRCROOT} for ${TAGS}\"\nfind \"${SRCROOT}\" \\( -name \"*.swift\" \\) -print0 | xargs -0 egrep --with-filename --line-number --only-matching \"($TAGS).*\\$\" | perl -p -e \"s/($TAGS)/ warning: \\$1/\"";
		};
		EC8902B51AD993AB00B2127E /* ShellScript */ = {
			isa = PBXShellScriptBuildPhase;
			buildActionMask = 2147483647;
			files = (
			);
			inputPaths = (
			);
			outputPaths = (
			);
			runOnlyForDeploymentPostprocessing = 0;
			shellPath = /bin/sh;
			shellScript = "TAGS=\"TODO:|FIXME:\"\necho \"searching ${SRCROOT} for ${TAGS}\"\nfind \"${SRCROOT}\" \\( -name \"*.swift\" \\) -print0 | xargs -0 egrep --with-filename --line-number --only-matching \"($TAGS).*\\$\" | perl -p -e \"s/($TAGS)/ warning: \\$1/\"";
		};
/* End PBXShellScriptBuildPhase section */

/* Begin PBXSourcesBuildPhase section */
		EC8902581AD8B58E00B2127E /* Sources */ = {
			isa = PBXSourcesBuildPhase;
			buildActionMask = 2147483647;
			files = (
				EC8902621AD8B58E00B2127E /* AppDelegate.swift in Sources */,
				EC8902AD1AD94E7B00B2127E /* ScoringVC.swift in Sources */,
				EC8902B21AD9762B00B2127E /* Games.swift in Sources */,
				EC8902A61AD8B78A00B2127E /* GamesTVC.swift in Sources */,
				EC8902AA1AD8B7E700B2127E /* Game.swift in Sources */,
			);
			runOnlyForDeploymentPostprocessing = 0;
		};
		EC89026D1AD8B58E00B2127E /* Sources */ = {
			isa = PBXSourcesBuildPhase;
			buildActionMask = 2147483647;
			files = (
				EC8902781AD8B58E00B2127E /* Box_ScoreTests.swift in Sources */,
			);
			runOnlyForDeploymentPostprocessing = 0;
		};
		EC8902811AD8B6F500B2127E /* Sources */ = {
			isa = PBXSourcesBuildPhase;
			buildActionMask = 2147483647;
			files = (
				EC8902B71AD9E40C00B2127E /* GamesIC.swift in Sources */,
				EC8902AB1AD8B7E700B2127E /* Game.swift in Sources */,
				EC8902B31AD9762B00B2127E /* Games.swift in Sources */,
				ECAC74341AD9EE98002DFBFE /* ScoringIC.swift in Sources */,
			);
			runOnlyForDeploymentPostprocessing = 0;
		};
/* End PBXSourcesBuildPhase section */

/* Begin PBXTargetDependency section */
		EC8902731AD8B58E00B2127E /* PBXTargetDependency */ = {
			isa = PBXTargetDependency;
			target = EC89025B1AD8B58E00B2127E /* Box Score */;
			targetProxy = EC8902721AD8B58E00B2127E /* PBXContainerItemProxy */;
		};
		EC8902921AD8B6F500B2127E /* PBXTargetDependency */ = {
			isa = PBXTargetDependency;
			target = EC89028E1AD8B6F500B2127E /* Box Score WatchKit App */;
			targetProxy = EC8902911AD8B6F500B2127E /* PBXContainerItemProxy */;
		};
		EC89029C1AD8B6F500B2127E /* PBXTargetDependency */ = {
			isa = PBXTargetDependency;
			target = EC8902841AD8B6F500B2127E /* Box Score WatchKit Extension */;
			targetProxy = EC89029B1AD8B6F500B2127E /* PBXContainerItemProxy */;
		};
/* End PBXTargetDependency section */

/* Begin PBXVariantGroup section */
		EC8902651AD8B58E00B2127E /* Main.storyboard */ = {
			isa = PBXVariantGroup;
			children = (
				EC8902661AD8B58E00B2127E /* Base */,
			);
			name = Main.storyboard;
			sourceTree = "<group>";
		};
		EC89026A1AD8B58E00B2127E /* LaunchScreen.xib */ = {
			isa = PBXVariantGroup;
			children = (
				EC89026B1AD8B58E00B2127E /* Base */,
			);
			name = LaunchScreen.xib;
			sourceTree = "<group>";
		};
		EC8902961AD8B6F500B2127E /* Interface.storyboard */ = {
			isa = PBXVariantGroup;
			children = (
				EC8902971AD8B6F500B2127E /* Base */,
			);
			name = Interface.storyboard;
			sourceTree = "<group>";
		};
/* End PBXVariantGroup section */

/* Begin XCBuildConfiguration section */
		EC8902791AD8B58E00B2127E /* Debug */ = {
			isa = XCBuildConfiguration;
			buildSettings = {
				ALWAYS_SEARCH_USER_PATHS = NO;
				CLANG_CXX_LANGUAGE_STANDARD = "gnu++0x";
				CLANG_CXX_LIBRARY = "libc++";
				CLANG_ENABLE_MODULES = YES;
				CLANG_ENABLE_OBJC_ARC = YES;
				CLANG_WARN_BOOL_CONVERSION = YES;
				CLANG_WARN_CONSTANT_CONVERSION = YES;
				CLANG_WARN_DIRECT_OBJC_ISA_USAGE = YES_ERROR;
				CLANG_WARN_EMPTY_BODY = YES;
				CLANG_WARN_ENUM_CONVERSION = YES;
				CLANG_WARN_INT_CONVERSION = YES;
				CLANG_WARN_OBJC_ROOT_CLASS = YES_ERROR;
				CLANG_WARN_UNREACHABLE_CODE = YES;
				CLANG_WARN__DUPLICATE_METHOD_MATCH = YES;
				"CODE_SIGN_IDENTITY[sdk=iphoneos*]" = "iPhone Developer";
				COPY_PHASE_STRIP = NO;
				DEBUG_INFORMATION_FORMAT = "dwarf-with-dsym";
				ENABLE_STRICT_OBJC_MSGSEND = YES;
				GCC_C_LANGUAGE_STANDARD = gnu99;
				GCC_DYNAMIC_NO_PIC = NO;
				GCC_NO_COMMON_BLOCKS = YES;
				GCC_OPTIMIZATION_LEVEL = 0;
				GCC_PREPROCESSOR_DEFINITIONS = (
					"DEBUG=1",
					"$(inherited)",
				);
				GCC_SYMBOLS_PRIVATE_EXTERN = NO;
				GCC_WARN_64_TO_32_BIT_CONVERSION = YES;
				GCC_WARN_ABOUT_RETURN_TYPE = YES_ERROR;
				GCC_WARN_UNDECLARED_SELECTOR = YES;
				GCC_WARN_UNINITIALIZED_AUTOS = YES_AGGRESSIVE;
				GCC_WARN_UNUSED_FUNCTION = YES;
				GCC_WARN_UNUSED_VARIABLE = YES;
				IPHONEOS_DEPLOYMENT_TARGET = 8.3;
				MTL_ENABLE_DEBUG_INFO = YES;
				ONLY_ACTIVE_ARCH = YES;
				SDKROOT = iphoneos;
				SWIFT_OPTIMIZATION_LEVEL = "-Onone";
			};
			name = Debug;
		};
		EC89027A1AD8B58E00B2127E /* Release */ = {
			isa = XCBuildConfiguration;
			buildSettings = {
				ALWAYS_SEARCH_USER_PATHS = NO;
				CLANG_CXX_LANGUAGE_STANDARD = "gnu++0x";
				CLANG_CXX_LIBRARY = "libc++";
				CLANG_ENABLE_MODULES = YES;
				CLANG_ENABLE_OBJC_ARC = YES;
				CLANG_WARN_BOOL_CONVERSION = YES;
				CLANG_WARN_CONSTANT_CONVERSION = YES;
				CLANG_WARN_DIRECT_OBJC_ISA_USAGE = YES_ERROR;
				CLANG_WARN_EMPTY_BODY = YES;
				CLANG_WARN_ENUM_CONVERSION = YES;
				CLANG_WARN_INT_CONVERSION = YES;
				CLANG_WARN_OBJC_ROOT_CLASS = YES_ERROR;
				CLANG_WARN_UNREACHABLE_CODE = YES;
				CLANG_WARN__DUPLICATE_METHOD_MATCH = YES;
				"CODE_SIGN_IDENTITY[sdk=iphoneos*]" = "iPhone Developer";
				COPY_PHASE_STRIP = NO;
				DEBUG_INFORMATION_FORMAT = "dwarf-with-dsym";
				ENABLE_NS_ASSERTIONS = NO;
				ENABLE_STRICT_OBJC_MSGSEND = YES;
				GCC_C_LANGUAGE_STANDARD = gnu99;
				GCC_NO_COMMON_BLOCKS = YES;
				GCC_WARN_64_TO_32_BIT_CONVERSION = YES;
				GCC_WARN_ABOUT_RETURN_TYPE = YES_ERROR;
				GCC_WARN_UNDECLARED_SELECTOR = YES;
				GCC_WARN_UNINITIALIZED_AUTOS = YES_AGGRESSIVE;
				GCC_WARN_UNUSED_FUNCTION = YES;
				GCC_WARN_UNUSED_VARIABLE = YES;
				IPHONEOS_DEPLOYMENT_TARGET = 8.3;
				MTL_ENABLE_DEBUG_INFO = NO;
				SDKROOT = iphoneos;
				VALIDATE_PRODUCT = YES;
			};
			name = Release;
		};
		EC89027C1AD8B58E00B2127E /* Debug */ = {
			isa = XCBuildConfiguration;
			buildSettings = {
				ASSETCATALOG_COMPILER_APPICON_NAME = AppIcon;
				CODE_SIGN_ENTITLEMENTS = "Box Score/Box Score.entitlements";
				CODE_SIGN_IDENTITY = "iPhone Developer";
				"CODE_SIGN_IDENTITY[sdk=iphoneos*]" = "iPhone Developer";
				INFOPLIST_FILE = "Box Score/Info.plist";
				IPHONEOS_DEPLOYMENT_TARGET = 8.0;
				LD_RUNPATH_SEARCH_PATHS = "$(inherited) @executable_path/Frameworks";
				PRODUCT_NAME = "$(TARGET_NAME)";
				PROVISIONING_PROFILE = "";
			};
			name = Debug;
		};
		EC89027D1AD8B58E00B2127E /* Release */ = {
			isa = XCBuildConfiguration;
			buildSettings = {
				ASSETCATALOG_COMPILER_APPICON_NAME = AppIcon;
				CODE_SIGN_ENTITLEMENTS = "Box Score/Box Score.entitlements";
				CODE_SIGN_IDENTITY = "iPhone Developer";
				"CODE_SIGN_IDENTITY[sdk=iphoneos*]" = "iPhone Developer";
				INFOPLIST_FILE = "Box Score/Info.plist";
				IPHONEOS_DEPLOYMENT_TARGET = 8.0;
				LD_RUNPATH_SEARCH_PATHS = "$(inherited) @executable_path/Frameworks";
				PRODUCT_NAME = "$(TARGET_NAME)";
				PROVISIONING_PROFILE = "";
			};
			name = Release;
		};
		EC89027F1AD8B58E00B2127E /* Debug */ = {
			isa = XCBuildConfiguration;
			buildSettings = {
				BUNDLE_LOADER = "$(TEST_HOST)";
				FRAMEWORK_SEARCH_PATHS = (
					"$(SDKROOT)/Developer/Library/Frameworks",
					"$(inherited)",
				);
				GCC_PREPROCESSOR_DEFINITIONS = (
					"DEBUG=1",
					"$(inherited)",
				);
				INFOPLIST_FILE = "Box ScoreTests/Info.plist";
				LD_RUNPATH_SEARCH_PATHS = "$(inherited) @executable_path/Frameworks @loader_path/Frameworks";
				PRODUCT_NAME = "$(TARGET_NAME)";
				TEST_HOST = "$(BUILT_PRODUCTS_DIR)/Box Score.app/Box Score";
			};
			name = Debug;
		};
		EC8902801AD8B58E00B2127E /* Release */ = {
			isa = XCBuildConfiguration;
			buildSettings = {
				BUNDLE_LOADER = "$(TEST_HOST)";
				FRAMEWORK_SEARCH_PATHS = (
					"$(SDKROOT)/Developer/Library/Frameworks",
					"$(inherited)",
				);
				INFOPLIST_FILE = "Box ScoreTests/Info.plist";
				LD_RUNPATH_SEARCH_PATHS = "$(inherited) @executable_path/Frameworks @loader_path/Frameworks";
				PRODUCT_NAME = "$(TARGET_NAME)";
				TEST_HOST = "$(BUILT_PRODUCTS_DIR)/Box Score.app/Box Score";
			};
			name = Release;
		};
		EC89029F1AD8B6F500B2127E /* Debug */ = {
			isa = XCBuildConfiguration;
			buildSettings = {
				ASSETCATALOG_COMPILER_APPICON_NAME = AppIcon;
				GCC_PREPROCESSOR_DEFINITIONS = (
					"DEBUG=1",
					"$(inherited)",
				);
				IBSC_MODULE = Box_Score_WatchKit_Extension;
				INFOPLIST_FILE = "Box Score WatchKit App/Info.plist";
				IPHONEOS_DEPLOYMENT_TARGET = 8.2;
				PRODUCT_NAME = "$(TARGET_NAME)";
				SKIP_INSTALL = YES;
				TARGETED_DEVICE_FAMILY = 4;
				"TARGETED_DEVICE_FAMILY[sdk=iphonesimulator*]" = "1,4";
			};
			name = Debug;
		};
		EC8902A01AD8B6F500B2127E /* Release */ = {
			isa = XCBuildConfiguration;
			buildSettings = {
				ASSETCATALOG_COMPILER_APPICON_NAME = AppIcon;
				IBSC_MODULE = Box_Score_WatchKit_Extension;
				INFOPLIST_FILE = "Box Score WatchKit App/Info.plist";
				IPHONEOS_DEPLOYMENT_TARGET = 8.2;
				PRODUCT_NAME = "$(TARGET_NAME)";
				SKIP_INSTALL = YES;
				TARGETED_DEVICE_FAMILY = 4;
				"TARGETED_DEVICE_FAMILY[sdk=iphonesimulator*]" = "1,4";
			};
			name = Release;
		};
		EC8902A21AD8B6F500B2127E /* Debug */ = {
			isa = XCBuildConfiguration;
			buildSettings = {
				CODE_SIGN_ENTITLEMENTS = "Box Score WatchKit Extension/Box Score WatchKit Extension.entitlements";
				CODE_SIGN_IDENTITY = "iPhone Developer";
				"CODE_SIGN_IDENTITY[sdk=iphoneos*]" = "iPhone Developer";
				GCC_PREPROCESSOR_DEFINITIONS = (
					"DEBUG=1",
					"$(inherited)",
				);
				INFOPLIST_FILE = "Box Score WatchKit Extension/Info.plist";
				LD_RUNPATH_SEARCH_PATHS = "$(inherited) @executable_path/Frameworks @executable_path/../../Frameworks";
				PRODUCT_NAME = "${TARGET_NAME}";
				PROVISIONING_PROFILE = "";
				SKIP_INSTALL = YES;
			};
			name = Debug;
		};
		EC8902A31AD8B6F500B2127E /* Release */ = {
			isa = XCBuildConfiguration;
			buildSettings = {
				CODE_SIGN_ENTITLEMENTS = "Box Score WatchKit Extension/Box Score WatchKit Extension.entitlements";
				CODE_SIGN_IDENTITY = "iPhone Developer";
				"CODE_SIGN_IDENTITY[sdk=iphoneos*]" = "iPhone Developer";
				INFOPLIST_FILE = "Box Score WatchKit Extension/Info.plist";
				LD_RUNPATH_SEARCH_PATHS = "$(inherited) @executable_path/Frameworks @executable_path/../../Frameworks";
				PRODUCT_NAME = "${TARGET_NAME}";
				PROVISIONING_PROFILE = "";
				SKIP_INSTALL = YES;
			};
			name = Release;
		};
/* End XCBuildConfiguration section */

/* Begin XCConfigurationList section */
		EC8902571AD8B58E00B2127E /* Build configuration list for PBXProject "Box Score" */ = {
			isa = XCConfigurationList;
			buildConfigurations = (
				EC8902791AD8B58E00B2127E /* Debug */,
				EC89027A1AD8B58E00B2127E /* Release */,
			);
			defaultConfigurationIsVisible = 0;
			defaultConfigurationName = Release;
		};
		EC89027B1AD8B58E00B2127E /* Build configuration list for PBXNativeTarget "Box Score" */ = {
			isa = XCConfigurationList;
			buildConfigurations = (
				EC89027C1AD8B58E00B2127E /* Debug */,
				EC89027D1AD8B58E00B2127E /* Release */,
			);
			defaultConfigurationIsVisible = 0;
			defaultConfigurationName = Release;
		};
		EC89027E1AD8B58E00B2127E /* Build configuration list for PBXNativeTarget "Box ScoreTests" */ = {
			isa = XCConfigurationList;
			buildConfigurations = (
				EC89027F1AD8B58E00B2127E /* Debug */,
				EC8902801AD8B58E00B2127E /* Release */,
			);
			defaultConfigurationIsVisible = 0;
			defaultConfigurationName = Release;
		};
		EC89029E1AD8B6F500B2127E /* Build configuration list for PBXNativeTarget "Box Score WatchKit App" */ = {
			isa = XCConfigurationList;
			buildConfigurations = (
				EC89029F1AD8B6F500B2127E /* Debug */,
				EC8902A01AD8B6F500B2127E /* Release */,
			);
			defaultConfigurationIsVisible = 0;
			defaultConfigurationName = Release;
		};
		EC8902A11AD8B6F500B2127E /* Build configuration list for PBXNativeTarget "Box Score WatchKit Extension" */ = {
			isa = XCConfigurationList;
			buildConfigurations = (
				EC8902A21AD8B6F500B2127E /* Debug */,
				EC8902A31AD8B6F500B2127E /* Release */,
			);
			defaultConfigurationIsVisible = 0;
			defaultConfigurationName = Release;
		};
/* End XCConfigurationList section */
	};
	rootObject = EC8902541AD8B58E00B2127E /* Project object */;
}
